
Microsoft Visual Studio Solution File, Format Version 12.00
# Visual Studio Version 17
VisualStudioVersion = 17.1.32414.318
MinimumVisualStudioVersion = 10.0.40219.1
Project("{FAE04EC0-301F-11D3-BF4B-00C04F79EFBC}") = "RectangleTestInterface", "TestInterface\RectangleTestInterface.csproj", "{AE2AC2F1-0E2B-4B04-828D-29C750CDD65A}"
EndProject
Project("{FAE04EC0-301F-11D3-BF4B-00C04F79EFBC}") = "ShadowTestInterface", "ShadowTestInterface\ShadowTestInterface.csproj", "{1E5A9CDD-1957-4538-AED5-1524E6D84BEB}"
EndProject
Global
	GlobalSection(SolutionConfigurationPlatforms) = preSolution
		Debug|Any CPU = Debug|Any CPU
		Release|Any CPU = Release|Any CPU
	EndGlobalSection
	GlobalSection(ProjectConfigurationPlatforms) = postSolution
		{AE2AC2F1-0E2B-4B04-828D-29C750CDD65A}.Debug|Any CPU.ActiveCfg = Debug|Any CPU
		{AE2AC2F1-0E2B-4B04-828D-29C750CDD65A}.Debug|Any CPU.Build.0 = Debug|Any CPU
		{AE2AC2F1-0E2B-4B04-828D-29C750CDD65A}.Release|Any CPU.ActiveCfg = Release|Any CPU
		{AE2AC2F1-0E2B-4B04-828D-29C750CDD65A}.Release|Any CPU.Build.0 = Release|Any CPU
		{1E5A9CDD-1957-4538-AED5-1524E6D84BEB}.Debug|Any CPU.ActiveCfg = Debug|Any CPU
		{1E5A9CDD-1957-4538-AED5-1524E6D84BEB}.Debug|Any CPU.Build.0 = Debug|Any CPU
		{1E5A9CDD-1957-4538-AED5-1524E6D84BEB}.Release|Any CPU.ActiveCfg = Release|Any CPU
		{1E5A9CDD-1957-4538-AED5-1524E6D84BEB}.Release|Any CPU.Build.0 = Release|Any CPU
	EndGlobalSection
	GlobalSection(SolutionProperties) = preSolution
		HideSolutionNode = FALSE
	EndGlobalSection
	GlobalSection(ExtensibilityGlobals) = postSolution
		SolutionGuid = {6A11E28F-81DE-4D6C-A7DA-FDE83A7E7E5F}
	EndGlobalSection
EndGlobal
